
Microsoft Visual Studio Solution File, Format Version 12.00
# Visual Studio 15
VisualStudioVersion = 15.0.28010.2036
MinimumVisualStudioVersion = 10.0.40219.1
Project("{FAE04EC0-301F-11D3-BF4B-00C04F79EFBC}") = "WindowsFormsApp1", "WindowsFormsApp1\WindowsFormsApp1.csproj", "{5516E74F-589E-4F56-9156-458E668FC375}"
EndProject
Project("{FAE04EC0-301F-11D3-BF4B-00C04F79EFBC}") = "Library", "Library\Library.csproj", "{883CAC6D-A1FD-4992-9512-2298E4DE2901}"
EndProject
Global
	GlobalSection(SolutionConfigurationPlatforms) = preSolution
		Debug|Any CPU = Debug|Any CPU
		Release|Any CPU = Release|Any CPU
	EndGlobalSection
	GlobalSection(ProjectConfigurationPlatforms) = postSolution
		{5516E74F-589E-4F56-9156-458E668FC375}.Debug|Any CPU.ActiveCfg = Debug|Any CPU
		{5516E74F-589E-4F56-9156-458E668FC375}.Debug|Any CPU.Build.0 = Debug|Any CPU
		{5516E74F-589E-4F56-9156-458E668FC375}.Release|Any CPU.ActiveCfg = Release|Any CPU
		{5516E74F-589E-4F56-9156-458E668FC375}.Release|Any CPU.Build.0 = Release|Any CPU
		{883CAC6D-A1FD-4992-9512-2298E4DE2901}.Debug|Any CPU.ActiveCfg = Debug|Any CPU
		{883CAC6D-A1FD-4992-9512-2298E4DE2901}.Debug|Any CPU.Build.0 = Debug|Any CPU
		{883CAC6D-A1FD-4992-9512-2298E4DE2901}.Release|Any CPU.ActiveCfg = Release|Any CPU
		{883CAC6D-A1FD-4992-9512-2298E4DE2901}.Release|Any CPU.Build.0 = Release|Any CPU
	EndGlobalSection
	GlobalSection(SolutionProperties) = preSolution
		HideSolutionNode = FALSE
	EndGlobalSection
	GlobalSection(ExtensibilityGlobals) = postSolution
		SolutionGuid = {9ED686E7-23D3-480D-86A2-A569E3D581C3}
	EndGlobalSection
EndGlobal
